
Microsoft Visual Studio Solution File, Format Version 12.00
# Visual Studio Version 16
VisualStudioVersion = 16.0.30413.136
MinimumVisualStudioVersion = 10.0.40219.1
Project("{9A19103F-16F7-4668-BE54-9A1E7A4F7556}") = "ZLMediaKit.CSharp", "src\ZLMediaKit.CSharp\ZLMediaKit.CSharp.csproj", "{6A2D3016-D0E8-4121-90E1-943E2D21D5F1}"
EndProject
Project("{FAE04EC0-301F-11D3-BF4B-00C04F79EFBC}") = "ZLMediaKit.CSharp.Demo", "src\ZLMediaKit.CSharp.Demo\ZLMediaKit.CSharp.Demo.csproj", "{3A4756FB-622F-4FCA-A19D-C8A303692567}"
EndProject
Global
	GlobalSection(SolutionConfigurationPlatforms) = preSolution
		Debug|Any CPU = Debug|Any CPU
		Release|Any CPU = Release|Any CPU
	EndGlobalSection
	GlobalSection(ProjectConfigurationPlatforms) = postSolution
		{6A2D3016-D0E8-4121-90E1-943E2D21D5F1}.Debug|Any CPU.ActiveCfg = Debug|Any CPU
		{6A2D3016-D0E8-4121-90E1-943E2D21D5F1}.Debug|Any CPU.Build.0 = Debug|Any CPU
		{6A2D3016-D0E8-4121-90E1-943E2D21D5F1}.Release|Any CPU.ActiveCfg = Release|Any CPU
		{6A2D3016-D0E8-4121-90E1-943E2D21D5F1}.Release|Any CPU.Build.0 = Release|Any CPU
		{3A4756FB-622F-4FCA-A19D-C8A303692567}.Debug|Any CPU.ActiveCfg = Debug|Any CPU
		{3A4756FB-622F-4FCA-A19D-C8A303692567}.Debug|Any CPU.Build.0 = Debug|Any CPU
		{3A4756FB-622F-4FCA-A19D-C8A303692567}.Release|Any CPU.ActiveCfg = Release|Any CPU
		{3A4756FB-622F-4FCA-A19D-C8A303692567}.Release|Any CPU.Build.0 = Release|Any CPU
	EndGlobalSection
	GlobalSection(SolutionProperties) = preSolution
		HideSolutionNode = FALSE
	EndGlobalSection
	GlobalSection(ExtensibilityGlobals) = postSolution
		SolutionGuid = {AFDCBFAD-2655-4891-BC86-62F76A429108}
	EndGlobalSection
EndGlobal
